# This file is automatically @generated by Cargo.
# It is not intended for manual editing.
version = 3

[[package]]
name = "feathersurf-cache-manager"
version = "0.0.1"

[[package]]
name = "feathersurf-download-manager"
version = "0.0.1"

[[package]]
name = "feathersurf-memory-manager"
version = "0.0.1"
dependencies = [
 "feathersurf-tab-manager",
]

[[package]]
name = "feathersurf-privacy-engine"
version = "0.0.1"

[[package]]
name = "feathersurf-process-manager"
version = "0.0.1"

[[package]]
name = "feathersurf-resource-monitor"
version = "0.0.1"

[[package]]
name = "feathersurf-tab-manager"
version = "0.0.1"

[[package]]
name = "feathersurf-telemetry"
version = "0.0.1"
